// !$*UTF8*$!
{
	archiveVersion = 1;
	classes = {
	};
	objectVersion = 46;
	objects = {

/* Begin PBXBuildFile section */
		F21184611DBE1096002EBDB6 /* main.m in Sources */ = {isa = PBXBuildFile; fileRef = F21184601DBE1096002EBDB6 /* main.m */; };
		F21184641DBE1096002EBDB6 /* AppDelegate.m in Sources */ = {isa = PBXBuildFile; fileRef = F21184631DBE1096002EBDB6 /* AppDelegate.m */; };
		F21184671DBE1096002EBDB6 /* ViewController.m in Sources */ = {isa = PBXBuildFile; fileRef = F21184661DBE1096002EBDB6 /* ViewController.m */; };
		F211846A1DBE1096002EBDB6 /* Main.storyboard in Resources */ = {isa = PBXBuildFile; fileRef = F21184681DBE1096002EBDB6 /* Main.storyboard */; };
		F211846C1DBE1096002EBDB6 /* Assets.xcassets in Resources */ = {isa = PBXBuildFile; fileRef = F211846B1DBE1096002EBDB6 /* Assets.xcassets */; };
		F211846F1DBE1096002EBDB6 /* LaunchScreen.storyboard in Resources */ = {isa = PBXBuildFile; fileRef = F211846D1DBE1096002EBDB6 /* LaunchScreen.storyboard */; };
		F211847A1DBE11BF002EBDB6 /* AudioToolbox.framework in Frameworks */ = {isa = PBXBuildFile; fileRef = F21184791DBE11BF002EBDB6 /* AudioToolbox.framework */; };
		F211847C1DBE11C6002EBDB6 /* AVFoundation.framework in Frameworks */ = {isa = PBXBuildFile; fileRef = F211847B1DBE11C6002EBDB6 /* AVFoundation.framework */; };
		F211847E1DBE11CE002EBDB6 /* CoreGraphics.framework in Frameworks */ = {isa = PBXBuildFile; fileRef = F211847D1DBE11CE002EBDB6 /* CoreGraphics.framework */; };
		F21184801DBE11DE002EBDB6 /* CoreMedia.framework in Frameworks */ = {isa = PBXBuildFile; fileRef = F211847F1DBE11DD002EBDB6 /* CoreMedia.framework */; };
		F21184821DBE11E8002EBDB6 /* CoreVideo.framework in Frameworks */ = {isa = PBXBuildFile; fileRef = F21184811DBE11E8002EBDB6 /* CoreVideo.framework */; };
		F21184841DBE1227002EBDB6 /* GLKit.framework in Frameworks */ = {isa = PBXBuildFile; fileRef = F21184831DBE1227002EBDB6 /* GLKit.framework */; };
		F21184861DBE1235002EBDB6 /* libicucore.A.tbd in Frameworks */ = {isa = PBXBuildFile; fileRef = F21184851DBE1235002EBDB6 /* libicucore.A.tbd */; };
		F21184881DBE1241002EBDB6 /* libc++.tbd in Frameworks */ = {isa = PBXBuildFile; fileRef = F21184871DBE1241002EBDB6 /* libc++.tbd */; };
		F211848A1DBE1258002EBDB6 /* libsqlite3.tbd in Frameworks */ = {isa = PBXBuildFile; fileRef = F21184891DBE1258002EBDB6 /* libsqlite3.tbd */; };
		F211848C1DBE1260002EBDB6 /* OpenGLES.framework in Frameworks */ = {isa = PBXBuildFile; fileRef = F211848B1DBE1260002EBDB6 /* OpenGLES.framework */; };
		F211848E1DBE1269002EBDB6 /* QuartzCore.framework in Frameworks */ = {isa = PBXBuildFile; fileRef = F211848D1DBE1269002EBDB6 /* QuartzCore.framework */; };
		F21184901DBE126F002EBDB6 /* UIKit.framework in Frameworks */ = {isa = PBXBuildFile; fileRef = F211848F1DBE126F002EBDB6 /* UIKit.framework */; };
		F21184921DBE1277002EBDB6 /* VideoToolbox.framework in Frameworks */ = {isa = PBXBuildFile; fileRef = F21184911DBE1277002EBDB6 /* VideoToolbox.framework */; };
		F2815AD81DCAE82200D63C22 /* RTCatSDK.framework in Frameworks */ = {isa = PBXBuildFile; fileRef = F2815AD71DCAE82200D63C22 /* RTCatSDK.framework */; };
/* End PBXBuildFile section */

/* Begin PBXFileReference section */
		F211845C1DBE1096002EBDB6 /* demo1.app */ = {isa = PBXFileReference; explicitFileType = wrapper.application; includeInIndex = 0; path = demo1.app; sourceTree = BUILT_PRODUCTS_DIR; };
		F21184601DBE1096002EBDB6 /* main.m */ = {isa = PBXFileReference; lastKnownFileType = sourcecode.c.objc; path = main.m; sourceTree = "<group>"; };
		F21184621DBE1096002EBDB6 /* AppDelegate.h */ = {isa = PBXFileReference; lastKnownFileType = sourcecode.c.h; path = AppDelegate.h; sourceTree = "<group>"; };
		F21184631DBE1096002EBDB6 /* AppDelegate.m */ = {isa = PBXFileReference; lastKnownFileType = sourcecode.c.objc; path = AppDelegate.m; sourceTree = "<group>"; };
		F21184651DBE1096002EBDB6 /* ViewController.h */ = {isa = PBXFileReference; lastKnownFileType = sourcecode.c.h; path = ViewController.h; sourceTree = "<group>"; };
		F21184661DBE1096002EBDB6 /* ViewController.m */ = {isa = PBXFileReference; lastKnownFileType = sourcecode.c.objc; path = ViewController.m; sourceTree = "<group>"; };
		F21184691DBE1096002EBDB6 /* Base */ = {isa = PBXFileReference; lastKnownFileType = file.storyboard; name = Base; path = Base.lproj/Main.storyboard; sourceTree = "<group>"; };
		F211846B1DBE1096002EBDB6 /* Assets.xcassets */ = {isa = PBXFileReference; lastKnownFileType = folder.assetcatalog; path = Assets.xcassets; sourceTree = "<group>"; };
		F211846E1DBE1096002EBDB6 /* Base */ = {isa = PBXFileReference; lastKnownFileType = file.storyboard; name = Base; path = Base.lproj/LaunchScreen.storyboard; sourceTree = "<group>"; };
		F21184701DBE1096002EBDB6 /* Info.plist */ = {isa = PBXFileReference; lastKnownFileType = text.plist.xml; path = Info.plist; sourceTree = "<group>"; };
		F21184791DBE11BF002EBDB6 /* AudioToolbox.framework */ = {isa = PBXFileReference; lastKnownFileType = wrapper.framework; name = AudioToolbox.framework; path = System/Library/Frameworks/AudioToolbox.framework; sourceTree = SDKROOT; };
		F211847B1DBE11C6002EBDB6 /* AVFoundation.framework */ = {isa = PBXFileReference; lastKnownFileType = wrapper.framework; name = AVFoundation.framework; path = System/Library/Frameworks/AVFoundation.framework; sourceTree = SDKROOT; };
		F211847D1DBE11CE002EBDB6 /* CoreGraphics.framework */ = {isa = PBXFileReference; lastKnownFileType = wrapper.framework; name = CoreGraphics.framework; path = System/Library/Frameworks/CoreGraphics.framework; sourceTree = SDKROOT; };
		F211847F1DBE11DD002EBDB6 /* CoreMedia.framework */ = {isa = PBXFileReference; lastKnownFileType = wrapper.framework; name = CoreMedia.framework; path = System/Library/Frameworks/CoreMedia.framework; sourceTree = SDKROOT; };
		F21184811DBE11E8002EBDB6 /* CoreVideo.framework */ = {isa = PBXFileReference; lastKnownFileType = wrapper.framework; name = CoreVideo.framework; path = System/Library/Frameworks/CoreVideo.framework; sourceTree = SDKROOT; };
		F21184831DBE1227002EBDB6 /* GLKit.framework */ = {isa = PBXFileReference; lastKnownFileType = wrapper.framework; name = GLKit.framework; path = System/Library/Frameworks/GLKit.framework; sourceTree = SDKROOT; };
		F21184851DBE1235002EBDB6 /* libicucore.A.tbd */ = {isa = PBXFileReference; lastKnownFileType = "sourcecode.text-based-dylib-definition"; name = libicucore.A.tbd; path = usr/lib/libicucore.A.tbd; sourceTree = SDKROOT; };
		F21184871DBE1241002EBDB6 /* libc++.tbd */ = {isa = PBXFileReference; lastKnownFileType = "sourcecode.text-based-dylib-definition"; name = "libc++.tbd"; path = "usr/lib/libc++.tbd"; sourceTree = SDKROOT; };
		F21184891DBE1258002EBDB6 /* libsqlite3.tbd */ = {isa = PBXFileReference; lastKnownFileType = "sourcecode.text-based-dylib-definition"; name = libsqlite3.tbd; path = usr/lib/libsqlite3.tbd; sourceTree = SDKROOT; };
		F211848B1DBE1260002EBDB6 /* OpenGLES.framework */ = {isa = PBXFileReference; lastKnownFileType = wrapper.framework; name = OpenGLES.framework; path = System/Library/Frameworks/OpenGLES.framework; sourceTree = SDKROOT; };
		F211848D1DBE1269002EBDB6 /* QuartzCore.framework */ = {isa = PBXFileReference; lastKnownFileType = wrapper.framework; name = QuartzCore.framework; path = System/Library/Frameworks/QuartzCore.framework; sourceTree = SDKROOT; };
		F211848F1DBE126F002EBDB6 /* UIKit.framework */ = {isa = PBXFileReference; lastKnownFileType = wrapper.framework; name = UIKit.framework; path = System/Library/Frameworks/UIKit.framework; sourceTree = SDKROOT; };
		F21184911DBE1277002EBDB6 /* VideoToolbox.framework */ = {isa = PBXFileReference; lastKnownFileType = wrapper.framework; name = VideoToolbox.framework; path = System/Library/Frameworks/VideoToolbox.framework; sourceTree = SDKROOT; };
		F2815AD71DCAE82200D63C22 /* RTCatSDK.framework */ = {isa = PBXFileReference; lastKnownFileType = wrapper.framework; path = RTCatSDK.framework; sourceTree = "<group>"; };
/* End PBXFileReference section */

/* Begin PBXFrameworksBuildPhase section */
		F21184591DBE1095002EBDB6 /* Frameworks */ = {
			isa = PBXFrameworksBuildPhase;
			buildActionMask = 2147483647;
			files = (
				F21184921DBE1277002EBDB6 /* VideoToolbox.framework in Frameworks */,
				F21184901DBE126F002EBDB6 /* UIKit.framework in Frameworks */,
				F211848E1DBE1269002EBDB6 /* QuartzCore.framework in Frameworks */,
				F211848C1DBE1260002EBDB6 /* OpenGLES.framework in Frameworks */,
				F2815AD81DCAE82200D63C22 /* RTCatSDK.framework in Frameworks */,
				F211848A1DBE1258002EBDB6 /* libsqlite3.tbd in Frameworks */,
				F21184881DBE1241002EBDB6 /* libc++.tbd in Frameworks */,
				F21184861DBE1235002EBDB6 /* libicucore.A.tbd in Frameworks */,
				F21184841DBE1227002EBDB6 /* GLKit.framework in Frameworks */,
				F21184821DBE11E8002EBDB6 /* CoreVideo.framework in Frameworks */,
				F21184801DBE11DE002EBDB6 /* CoreMedia.framework in Frameworks */,
				F211847E1DBE11CE002EBDB6 /* CoreGraphics.framework in Frameworks */,
				F211847C1DBE11C6002EBDB6 /* AVFoundation.framework in Frameworks */,
				F211847A1DBE11BF002EBDB6 /* AudioToolbox.framework in Frameworks */,
			);
			runOnlyForDeploymentPostprocessing = 0;
		};
/* End PBXFrameworksBuildPhase section */

/* Begin PBXGroup section */
		F21184531DBE1095002EBDB6 = {
			isa = PBXGroup;
			children = (
				F2815AD71DCAE82200D63C22 /* RTCatSDK.framework */,
				F211845E1DBE1096002EBDB6 /* demo1 */,
				F211845D1DBE1096002EBDB6 /* Products */,
				F21184781DBE11BF002EBDB6 /* Frameworks */,
			);
			sourceTree = "<group>";
		};
		F211845D1DBE1096002EBDB6 /* Products */ = {
			isa = PBXGroup;
			children = (
				F211845C1DBE1096002EBDB6 /* demo1.app */,
			);
			name = Products;
			sourceTree = "<group>";
		};
		F211845E1DBE1096002EBDB6 /* demo1 */ = {
			isa = PBXGroup;
			children = (
				F21184651DBE1096002EBDB6 /* ViewController.h */,
				F21184661DBE1096002EBDB6 /* ViewController.m */,
				F211845F1DBE1096002EBDB6 /* Supporting Files */,
			);
			path = demo1;
			sourceTree = "<group>";
		};
		F211845F1DBE1096002EBDB6 /* Supporting Files */ = {
			isa = PBXGroup;
			children = (
				F21184681DBE1096002EBDB6 /* Main.storyboard */,
				F211846B1DBE1096002EBDB6 /* Assets.xcassets */,
				F21184701DBE1096002EBDB6 /* Info.plist */,
				F211846D1DBE1096002EBDB6 /* LaunchScreen.storyboard */,
				F21184631DBE1096002EBDB6 /* AppDelegate.m */,
				F21184621DBE1096002EBDB6 /* AppDelegate.h */,
				F21184601DBE1096002EBDB6 /* main.m */,
			);
			name = "Supporting Files";
			sourceTree = "<group>";
		};
		F21184781DBE11BF002EBDB6 /* Frameworks */ = {
			isa = PBXGroup;
			children = (
				F21184911DBE1277002EBDB6 /* VideoToolbox.framework */,
				F211848F1DBE126F002EBDB6 /* UIKit.framework */,
				F211848D1DBE1269002EBDB6 /* QuartzCore.framework */,
				F211848B1DBE1260002EBDB6 /* OpenGLES.framework */,
				F21184891DBE1258002EBDB6 /* libsqlite3.tbd */,
				F21184871DBE1241002EBDB6 /* libc++.tbd */,
				F21184851DBE1235002EBDB6 /* libicucore.A.tbd */,
				F21184831DBE1227002EBDB6 /* GLKit.framework */,
				F21184811DBE11E8002EBDB6 /* CoreVideo.framework */,
				F211847F1DBE11DD002EBDB6 /* CoreMedia.framework */,
				F211847D1DBE11CE002EBDB6 /* CoreGraphics.framework */,
				F211847B1DBE11C6002EBDB6 /* AVFoundation.framework */,
				F21184791DBE11BF002EBDB6 /* AudioToolbox.framework */,
			);
			name = Frameworks;
			sourceTree = "<group>";
		};
/* End PBXGroup section */

/* Begin PBXNativeTarget section */
		F211845B1DBE1095002EBDB6 /* demo1 */ = {
			isa = PBXNativeTarget;
			buildConfigurationList = F21184731DBE1096002EBDB6 /* Build configuration list for PBXNativeTarget "demo1" */;
			buildPhases = (
				F21184581DBE1095002EBDB6 /* Sources */,
				F21184591DBE1095002EBDB6 /* Frameworks */,
				F211845A1DBE1095002EBDB6 /* Resources */,
			);
			buildRules = (
			);
			dependencies = (
			);
			name = demo1;
			productName = demo1;
			productReference = F211845C1DBE1096002EBDB6 /* demo1.app */;
			productType = "com.apple.product-type.application";
		};
/* End PBXNativeTarget section */

/* Begin PBXProject section */
		F21184541DBE1095002EBDB6 /* Project object */ = {
			isa = PBXProject;
			attributes = {
				LastUpgradeCheck = 0800;
				ORGANIZATIONNAME = spacetime;
				TargetAttributes = {
					F211845B1DBE1095002EBDB6 = {
						CreatedOnToolsVersion = 8.0;
						DevelopmentTeam = TXCLPPJG27;
						ProvisioningStyle = Automatic;
					};
				};
			};
			buildConfigurationList = F21184571DBE1095002EBDB6 /* Build configuration list for PBXProject "demo1" */;
			compatibilityVersion = "Xcode 3.2";
			developmentRegion = English;
			hasScannedForEncodings = 0;
			knownRegions = (
				en,
				Base,
			);
			mainGroup = F21184531DBE1095002EBDB6;
			productRefGroup = F211845D1DBE1096002EBDB6 /* Products */;
			projectDirPath = "";
			projectRoot = "";
			targets = (
				F211845B1DBE1095002EBDB6 /* demo1 */,
			);
		};
/* End PBXProject section */

/* Begin PBXResourcesBuildPhase section */
		F211845A1DBE1095002EBDB6 /* Resources */ = {
			isa = PBXResourcesBuildPhase;
			buildActionMask = 2147483647;
			files = (
				F211846F1DBE1096002EBDB6 /* LaunchScreen.storyboard in Resources */,
				F211846C1DBE1096002EBDB6 /* Assets.xcassets in Resources */,
				F211846A1DBE1096002EBDB6 /* Main.storyboard in Resources */,
			);
			runOnlyForDeploymentPostprocessing = 0;
		};
/* End PBXResourcesBuildPhase section */

/* Begin PBXSourcesBuildPhase section */
		F21184581DBE1095002EBDB6 /* Sources */ = {
			isa = PBXSourcesBuildPhase;
			buildActionMask = 2147483647;
			files = (
				F21184671DBE1096002EBDB6 /* ViewController.m in Sources */,
				F21184641DBE1096002EBDB6 /* AppDelegate.m in Sources */,
				F21184611DBE1096002EBDB6 /* main.m in Sources */,
			);
			runOnlyForDeploymentPostprocessing = 0;
		};
/* End PBXSourcesBuildPhase section */

/* Begin PBXVariantGroup section */
		F21184681DBE1096002EBDB6 /* Main.storyboard */ = {
			isa = PBXVariantGroup;
			children = (
				F21184691DBE1096002EBDB6 /* Base */,
			);
			name = Main.storyboard;
			sourceTree = "<group>";
		};
		F211846D1DBE1096002EBDB6 /* LaunchScreen.storyboard */ = {
			isa = PBXVariantGroup;
			children = (
				F211846E1DBE1096002EBDB6 /* Base */,
			);
			name = LaunchScreen.storyboard;
			sourceTree = "<group>";
		};
/* End PBXVariantGroup section */

/* Begin XCBuildConfiguration section */
		F21184711DBE1096002EBDB6 /* Debug */ = {
			isa = XCBuildConfiguration;
			buildSettings = {
				ALWAYS_SEARCH_USER_PATHS = NO;
				CLANG_ANALYZER_NONNULL = YES;
				CLANG_CXX_LANGUAGE_STANDARD = "gnu++0x";
				CLANG_CXX_LIBRARY = "libc++";
				CLANG_ENABLE_MODULES = YES;
				CLANG_ENABLE_OBJC_ARC = YES;
				CLANG_WARN_BOOL_CONVERSION = YES;
				CLANG_WARN_CONSTANT_CONVERSION = YES;
				CLANG_WARN_DIRECT_OBJC_ISA_USAGE = YES_ERROR;
				CLANG_WARN_DOCUMENTATION_COMMENTS = YES;
				CLANG_WARN_EMPTY_BODY = YES;
				CLANG_WARN_ENUM_CONVERSION = YES;
				CLANG_WARN_INFINITE_RECURSION = YES;
				CLANG_WARN_INT_CONVERSION = YES;
				CLANG_WARN_OBJC_ROOT_CLASS = YES_ERROR;
				CLANG_WARN_SUSPICIOUS_MOVES = YES;
				CLANG_WARN_UNREACHABLE_CODE = YES;
				CLANG_WARN__DUPLICATE_METHOD_MATCH = YES;
				"CODE_SIGN_IDENTITY[sdk=iphoneos*]" = "iPhone Developer";
				COPY_PHASE_STRIP = NO;
				DEBUG_INFORMATION_FORMAT = dwarf;
				ENABLE_STRICT_OBJC_MSGSEND = YES;
				ENABLE_TESTABILITY = YES;
				GCC_C_LANGUAGE_STANDARD = gnu99;
				GCC_DYNAMIC_NO_PIC = NO;
				GCC_NO_COMMON_BLOCKS = YES;
				GCC_OPTIMIZATION_LEVEL = 0;
				GCC_PREPROCESSOR_DEFINITIONS = (
					"DEBUG=1",
					"$(inherited)",
				);
				GCC_WARN_64_TO_32_BIT_CONVERSION = YES;
				GCC_WARN_ABOUT_RETURN_TYPE = YES_ERROR;
				GCC_WARN_UNDECLARED_SELECTOR = YES;
				GCC_WARN_UNINITIALIZED_AUTOS = YES_AGGRESSIVE;
				GCC_WARN_UNUSED_FUNCTION = YES;
				GCC_WARN_UNUSED_VARIABLE = YES;
				IPHONEOS_DEPLOYMENT_TARGET = 10.0;
				MTL_ENABLE_DEBUG_INFO = YES;
				ONLY_ACTIVE_ARCH = YES;
				SDKROOT = iphoneos;
				TARGETED_DEVICE_FAMILY = "1,2";
			};
			name = Debug;
		};
		F21184721DBE1096002EBDB6 /* Release */ = {
			isa = XCBuildConfiguration;
			buildSettings = {
				ALWAYS_SEARCH_USER_PATHS = NO;
				CLANG_ANALYZER_NONNULL = YES;
				CLANG_CXX_LANGUAGE_STANDARD = "gnu++0x";
				CLANG_CXX_LIBRARY = "libc++";
				CLANG_ENABLE_MODULES = YES;
				CLANG_ENABLE_OBJC_ARC = YES;
				CLANG_WARN_BOOL_CONVERSION = YES;
				CLANG_WARN_CONSTANT_CONVERSION = YES;
				CLANG_WARN_DIRECT_OBJC_ISA_USAGE = YES_ERROR;
				CLANG_WARN_DOCUMENTATION_COMMENTS = YES;
				CLANG_WARN_EMPTY_BODY = YES;
				CLANG_WARN_ENUM_CONVERSION = YES;
				CLANG_WARN_INFINITE_RECURSION = YES;
				CLANG_WARN_INT_CONVERSION = YES;
				CLANG_WARN_OBJC_ROOT_CLASS = YES_ERROR;
				CLANG_WARN_SUSPICIOUS_MOVES = YES;
				CLANG_WARN_UNREACHABLE_CODE = YES;
				CLANG_WARN__DUPLICATE_METHOD_MATCH = YES;
				"CODE_SIGN_IDENTITY[sdk=iphoneos*]" = "iPhone Developer";
				COPY_PHASE_STRIP = NO;
				DEBUG_INFORMATION_FORMAT = "dwarf-with-dsym";
				ENABLE_NS_ASSERTIONS = NO;
				ENABLE_STRICT_OBJC_MSGSEND = YES;
				GCC_C_LANGUAGE_STANDARD = gnu99;
				GCC_NO_COMMON_BLOCKS = YES;
				GCC_WARN_64_TO_32_BIT_CONVERSION = YES;
				GCC_WARN_ABOUT_RETURN_TYPE = YES_ERROR;
				GCC_WARN_UNDECLARED_SELECTOR = YES;
				GCC_WARN_UNINITIALIZED_AUTOS = YES_AGGRESSIVE;
				GCC_WARN_UNUSED_FUNCTION = YES;
				GCC_WARN_UNUSED_VARIABLE = YES;
				IPHONEOS_DEPLOYMENT_TARGET = 10.0;
				MTL_ENABLE_DEBUG_INFO = NO;
				SDKROOT = iphoneos;
				TARGETED_DEVICE_FAMILY = "1,2";
				VALIDATE_PRODUCT = YES;
			};
			name = Release;
		};
		F21184741DBE1096002EBDB6 /* Debug */ = {
			isa = XCBuildConfiguration;
			buildSettings = {
				ASSETCATALOG_COMPILER_APPICON_NAME = AppIcon;
				DEVELOPMENT_TEAM = TXCLPPJG27;
				ENABLE_BITCODE = NO;
				FRAMEWORK_SEARCH_PATHS = (
					"$(inherited)",
					"$(PROJECT_DIR)",
				);
				INFOPLIST_FILE = demo1/Info.plist;
				IPHONEOS_DEPLOYMENT_TARGET = 9.0;
				LD_RUNPATH_SEARCH_PATHS = "$(inherited) @executable_path/Frameworks";
				OTHER_LDFLAGS = "-all_load";
				PRODUCT_BUNDLE_IDENTIFIER = com.shishimao.demo1;
				PRODUCT_NAME = "$(TARGET_NAME)";
				SDKROOT = iphoneos10.0;
			};
			name = Debug;
		};
		F21184751DBE1096002EBDB6 /* Release */ = {
			isa = XCBuildConfiguration;
			buildSettings = {
				ASSETCATALOG_COMPILER_APPICON_NAME = AppIcon;
				DEVELOPMENT_TEAM = TXCLPPJG27;
				ENABLE_BITCODE = NO;
				FRAMEWORK_SEARCH_PATHS = (
					"$(inherited)",
					"$(PROJECT_DIR)",
				);
				INFOPLIST_FILE = demo1/Info.plist;
				IPHONEOS_DEPLOYMENT_TARGET = 9.0;
				LD_RUNPATH_SEARCH_PATHS = "$(inherited) @executable_path/Frameworks";
				OTHER_LDFLAGS = "-all_load";
				PRODUCT_BUNDLE_IDENTIFIER = com.shishimao.demo1;
				PRODUCT_NAME = "$(TARGET_NAME)";
				SDKROOT = iphoneos10.0;
			};
			name = Release;
		};
/* End XCBuildConfiguration section */

/* Begin XCConfigurationList section */
		F21184571DBE1095002EBDB6 /* Build configuration list for PBXProject "demo1" */ = {
			isa = XCConfigurationList;
			buildConfigurations = (
				F21184711DBE1096002EBDB6 /* Debug */,
				F21184721DBE1096002EBDB6 /* Release */,
			);
			defaultConfigurationIsVisible = 0;
			defaultConfigurationName = Release;
		};
		F21184731DBE1096002EBDB6 /* Build configuration list for PBXNativeTarget "demo1" */ = {
			isa = XCConfigurationList;
			buildConfigurations = (
				F21184741DBE1096002EBDB6 /* Debug */,
				F21184751DBE1096002EBDB6 /* Release */,
			);
			defaultConfigurationIsVisible = 0;
			defaultConfigurationName = Release;
		};
/* End XCConfigurationList section */
	};
	rootObject = F21184541DBE1095002EBDB6 /* Project object */;
}
